
Microsoft Visual Studio Solution File, Format Version 12.00
# Visual Studio Version 17
VisualStudioVersion = 17.0.32014.148
MinimumVisualStudioVersion = 10.0.40219.1
Project("{9A19103F-16F7-4668-BE54-9A1E7A4F7556}") = "APIRestAlura", "APIRestAlura\APIRestAlura.csproj", "{5948A1CF-0B78-401B-9FD6-7A3B9AA2A27B}"
EndProject
Global
	GlobalSection(SolutionConfigurationPlatforms) = preSolution
		Debug|Any CPU = Debug|Any CPU
		Release|Any CPU = Release|Any CPU
	EndGlobalSection
	GlobalSection(ProjectConfigurationPlatforms) = postSolution
		{5948A1CF-0B78-401B-9FD6-7A3B9AA2A27B}.Debug|Any CPU.ActiveCfg = Debug|Any CPU
		{5948A1CF-0B78-401B-9FD6-7A3B9AA2A27B}.Debug|Any CPU.Build.0 = Debug|Any CPU
		{5948A1CF-0B78-401B-9FD6-7A3B9AA2A27B}.Release|Any CPU.ActiveCfg = Release|Any CPU
		{5948A1CF-0B78-401B-9FD6-7A3B9AA2A27B}.Release|Any CPU.Build.0 = Release|Any CPU
	EndGlobalSection
	GlobalSection(SolutionProperties) = preSolution
		HideSolutionNode = FALSE
	EndGlobalSection
	GlobalSection(ExtensibilityGlobals) = postSolution
		SolutionGuid = {801416CA-9E23-4084-B32C-67869D5B7C89}
	EndGlobalSection
EndGlobal
